
Microsoft Visual Studio Solution File, Format Version 12.00
# Visual Studio Version 16
VisualStudioVersion = 16.0.28729.10
MinimumVisualStudioVersion = 10.0.40219.1
Project("{FAE04EC0-301F-11D3-BF4B-00C04F79EFBC}") = "TrenteArpents.Android", "TrenteArpents\TrenteArpents.Android\TrenteArpents.Android.csproj", "{E274BD32-FCDD-4F2D-9F90-8A990F376251}"
EndProject
Project("{FAE04EC0-301F-11D3-BF4B-00C04F79EFBC}") = "TrenteArpents.iOS", "TrenteArpents\TrenteArpents.iOS\TrenteArpents.iOS.csproj", "{BB89F1D5-1F4F-496C-8964-0F4A587C00F9}"
EndProject
Project("{9A19103F-16F7-4668-BE54-9A1E7A4F7556}") = "TrenteArpents", "TrenteArpents\TrenteArpents\TrenteArpents.csproj", "{710F5BF6-B5D0-4000-802D-E47B9B371B46}"
EndProject
Project("{FAE04EC0-301F-11D3-BF4B-00C04F79EFBC}") = "TrenteArpents.UWP", "TrenteArpents\TrenteArpents.UWP\TrenteArpents.UWP.csproj", "{B0872377-4F51-4519-BCAE-458F0BD20CE7}"
EndProject
Project("{9A19103F-16F7-4668-BE54-9A1E7A4F7556}") = "TrenteArpents.Tests", "TrenteArpents\TrenteArpents.Tests\TrenteArpents.Tests.csproj", "{B803F602-FC1B-4A19-B84E-AD07EE03CD40}"
EndProject
Project("{9A19103F-16F7-4668-BE54-9A1E7A4F7556}") = "TrenteArpents.Models", "TrenteArpents\TrenteArpents.Models\TrenteArpents.Models.csproj", "{565F1F2E-789D-4465-8D03-6312B0BB6E12}"
EndProject
Project("{9A19103F-16F7-4668-BE54-9A1E7A4F7556}") = "TrenteArpents.Repos", "TrenteArpents\TrenteArpents.Repos\TrenteArpents.Repos.csproj", "{5BFDA5B4-0376-4A2F-A774-68AFC7AF906B}"
EndProject
Global
	GlobalSection(SolutionConfigurationPlatforms) = preSolution
		Debug|Any CPU = Debug|Any CPU
		Debug|ARM = Debug|ARM
		Debug|ARM64 = Debug|ARM64
		Debug|iPhone = Debug|iPhone
		Debug|iPhoneSimulator = Debug|iPhoneSimulator
		Debug|x64 = Debug|x64
		Debug|x86 = Debug|x86
		Release|Any CPU = Release|Any CPU
		Release|ARM = Release|ARM
		Release|ARM64 = Release|ARM64
		Release|iPhone = Release|iPhone
		Release|iPhoneSimulator = Release|iPhoneSimulator
		Release|x64 = Release|x64
		Release|x86 = Release|x86
	EndGlobalSection
	GlobalSection(ProjectConfigurationPlatforms) = postSolution
		{E274BD32-FCDD-4F2D-9F90-8A990F376251}.Debug|Any CPU.ActiveCfg = Debug|Any CPU
		{E274BD32-FCDD-4F2D-9F90-8A990F376251}.Debug|Any CPU.Build.0 = Debug|Any CPU
		{E274BD32-FCDD-4F2D-9F90-8A990F376251}.Debug|Any CPU.Deploy.0 = Debug|Any CPU
		{E274BD32-FCDD-4F2D-9F90-8A990F376251}.Debug|ARM.ActiveCfg = Debug|Any CPU
		{E274BD32-FCDD-4F2D-9F90-8A990F376251}.Debug|ARM.Build.0 = Debug|Any CPU
		{E274BD32-FCDD-4F2D-9F90-8A990F376251}.Debug|ARM.Deploy.0 = Debug|Any CPU
		{E274BD32-FCDD-4F2D-9F90-8A990F376251}.Debug|ARM64.ActiveCfg = Debug|Any CPU
		{E274BD32-FCDD-4F2D-9F90-8A990F376251}.Debug|ARM64.Build.0 = Debug|Any CPU
		{E274BD32-FCDD-4F2D-9F90-8A990F376251}.Debug|ARM64.Deploy.0 = Debug|Any CPU
		{E274BD32-FCDD-4F2D-9F90-8A990F376251}.Debug|iPhone.ActiveCfg = Debug|Any CPU
		{E274BD32-FCDD-4F2D-9F90-8A990F376251}.Debug|iPhone.Build.0 = Debug|Any CPU
		{E274BD32-FCDD-4F2D-9F90-8A990F376251}.Debug|iPhone.Deploy.0 = Debug|Any CPU
		{E274BD32-FCDD-4F2D-9F90-8A990F376251}.Debug|iPhoneSimulator.ActiveCfg = Debug|Any CPU
		{E274BD32-FCDD-4F2D-9F90-8A990F376251}.Debug|iPhoneSimulator.Build.0 = Debug|Any CPU
		{E274BD32-FCDD-4F2D-9F90-8A990F376251}.Debug|iPhoneSimulator.Deploy.0 = Debug|Any CPU
		{E274BD32-FCDD-4F2D-9F90-8A990F376251}.Debug|x64.ActiveCfg = Debug|Any CPU
		{E274BD32-FCDD-4F2D-9F90-8A990F376251}.Debug|x64.Build.0 = Debug|Any CPU
		{E274BD32-FCDD-4F2D-9F90-8A990F376251}.Debug|x64.Deploy.0 = Debug|Any CPU
		{E274BD32-FCDD-4F2D-9F90-8A990F376251}.Debug|x86.ActiveCfg = Debug|Any CPU
		{E274BD32-FCDD-4F2D-9F90-8A990F376251}.Debug|x86.Build.0 = Debug|Any CPU
		{E274BD32-FCDD-4F2D-9F90-8A990F376251}.Debug|x86.Deploy.0 = Debug|Any CPU
		{E274BD32-FCDD-4F2D-9F90-8A990F376251}.Release|Any CPU.ActiveCfg = Release|Any CPU
		{E274BD32-FCDD-4F2D-9F90-8A990F376251}.Release|Any CPU.Build.0 = Release|Any CPU
		{E274BD32-FCDD-4F2D-9F90-8A990F376251}.Release|Any CPU.Deploy.0 = Release|Any CPU
		{E274BD32-FCDD-4F2D-9F90-8A990F376251}.Release|ARM.ActiveCfg = Release|Any CPU
		{E274BD32-FCDD-4F2D-9F90-8A990F376251}.Release|ARM.Build.0 = Release|Any CPU
		{E274BD32-FCDD-4F2D-9F90-8A990F376251}.Release|ARM.Deploy.0 = Release|Any CPU
		{E274BD32-FCDD-4F2D-9F90-8A990F376251}.Release|ARM64.ActiveCfg = Release|Any CPU
		{E274BD32-FCDD-4F2D-9F90-8A990F376251}.Release|ARM64.Build.0 = Release|Any CPU
		{E274BD32-FCDD-4F2D-9F90-8A990F376251}.Release|ARM64.Deploy.0 = Release|Any CPU
		{E274BD32-FCDD-4F2D-9F90-8A990F376251}.Release|iPhone.ActiveCfg = Release|Any CPU
		{E274BD32-FCDD-4F2D-9F90-8A990F376251}.Release|iPhone.Build.0 = Release|Any CPU
		{E274BD32-FCDD-4F2D-9F90-8A990F376251}.Release|iPhone.Deploy.0 = Release|Any CPU
		{E274BD32-FCDD-4F2D-9F90-8A990F376251}.Release|iPhoneSimulator.ActiveCfg = Release|Any CPU
		{E274BD32-FCDD-4F2D-9F90-8A990F376251}.Release|iPhoneSimulator.Build.0 = Release|Any CPU
		{E274BD32-FCDD-4F2D-9F90-8A990F376251}.Release|iPhoneSimulator.Deploy.0 = Release|Any CPU
		{E274BD32-FCDD-4F2D-9F90-8A990F376251}.Release|x64.ActiveCfg = Release|Any CPU
		{E274BD32-FCDD-4F2D-9F90-8A990F376251}.Release|x64.Build.0 = Release|Any CPU
		{E274BD32-FCDD-4F2D-9F90-8A990F376251}.Release|x64.Deploy.0 = Release|Any CPU
		{E274BD32-FCDD-4F2D-9F90-8A990F376251}.Release|x86.ActiveCfg = Release|Any CPU
		{E274BD32-FCDD-4F2D-9F90-8A990F376251}.Release|x86.Build.0 = Release|Any CPU
		{E274BD32-FCDD-4F2D-9F90-8A990F376251}.Release|x86.Deploy.0 = Release|Any CPU
		{BB89F1D5-1F4F-496C-8964-0F4A587C00F9}.Debug|Any CPU.ActiveCfg = Debug|iPhoneSimulator
		{BB89F1D5-1F4F-496C-8964-0F4A587C00F9}.Debug|Any CPU.Build.0 = Debug|iPhoneSimulator
		{BB89F1D5-1F4F-496C-8964-0F4A587C00F9}.Debug|Any CPU.Deploy.0 = Debug|iPhoneSimulator
		{BB89F1D5-1F4F-496C-8964-0F4A587C00F9}.Debug|ARM.ActiveCfg = Debug|iPhone
		{BB89F1D5-1F4F-496C-8964-0F4A587C00F9}.Debug|ARM64.ActiveCfg = Debug|iPhone
		{BB89F1D5-1F4F-496C-8964-0F4A587C00F9}.Debug|iPhone.ActiveCfg = Debug|iPhone
		{BB89F1D5-1F4F-496C-8964-0F4A587C00F9}.Debug|iPhone.Build.0 = Debug|iPhone
		{BB89F1D5-1F4F-496C-8964-0F4A587C00F9}.Debug|iPhone.Deploy.0 = Debug|iPhone
		{BB89F1D5-1F4F-496C-8964-0F4A587C00F9}.Debug|iPhoneSimulator.ActiveCfg = Debug|iPhoneSimulator
		{BB89F1D5-1F4F-496C-8964-0F4A587C00F9}.Debug|iPhoneSimulator.Build.0 = Debug|iPhoneSimulator
		{BB89F1D5-1F4F-496C-8964-0F4A587C00F9}.Debug|iPhoneSimulator.Deploy.0 = Debug|iPhoneSimulator
		{BB89F1D5-1F4F-496C-8964-0F4A587C00F9}.Debug|x64.ActiveCfg = Debug|iPhone
		{BB89F1D5-1F4F-496C-8964-0F4A587C00F9}.Debug|x86.ActiveCfg = Debug|iPhone
		{BB89F1D5-1F4F-496C-8964-0F4A587C00F9}.Release|Any CPU.ActiveCfg = Release|iPhone
		{BB89F1D5-1F4F-496C-8964-0F4A587C00F9}.Release|Any CPU.Build.0 = Release|iPhone
		{BB89F1D5-1F4F-496C-8964-0F4A587C00F9}.Release|Any CPU.Deploy.0 = Release|iPhone
		{BB89F1D5-1F4F-496C-8964-0F4A587C00F9}.Release|ARM.ActiveCfg = Release|iPhoneSimulator
		{BB89F1D5-1F4F-496C-8964-0F4A587C00F9}.Release|ARM64.ActiveCfg = Release|iPhoneSimulator
		{BB89F1D5-1F4F-496C-8964-0F4A587C00F9}.Release|iPhone.ActiveCfg = Release|iPhone
		{BB89F1D5-1F4F-496C-8964-0F4A587C00F9}.Release|iPhone.Build.0 = Release|iPhone
		{BB89F1D5-1F4F-496C-8964-0F4A587C00F9}.Release|iPhone.Deploy.0 = Release|iPhone
		{BB89F1D5-1F4F-496C-8964-0F4A587C00F9}.Release|iPhoneSimulator.ActiveCfg = Release|iPhoneSimulator
		{BB89F1D5-1F4F-496C-8964-0F4A587C00F9}.Release|iPhoneSimulator.Build.0 = Release|iPhoneSimulator
		{BB89F1D5-1F4F-496C-8964-0F4A587C00F9}.Release|iPhoneSimulator.Deploy.0 = Release|iPhoneSimulator
		{BB89F1D5-1F4F-496C-8964-0F4A587C00F9}.Release|x64.ActiveCfg = Release|iPhoneSimulator
		{BB89F1D5-1F4F-496C-8964-0F4A587C00F9}.Release|x86.ActiveCfg = Release|iPhoneSimulator
		{710F5BF6-B5D0-4000-802D-E47B9B371B46}.Debug|Any CPU.ActiveCfg = Debug|Any CPU
		{710F5BF6-B5D0-4000-802D-E47B9B371B46}.Debug|Any CPU.Build.0 = Debug|Any CPU
		{710F5BF6-B5D0-4000-802D-E47B9B371B46}.Debug|Any CPU.Deploy.0 = Debug|Any CPU
		{710F5BF6-B5D0-4000-802D-E47B9B371B46}.Debug|ARM.ActiveCfg = Debug|Any CPU
		{710F5BF6-B5D0-4000-802D-E47B9B371B46}.Debug|ARM.Build.0 = Debug|Any CPU
		{710F5BF6-B5D0-4000-802D-E47B9B371B46}.Debug|ARM64.ActiveCfg = Debug|Any CPU
		{710F5BF6-B5D0-4000-802D-E47B9B371B46}.Debug|ARM64.Build.0 = Debug|Any CPU
		{710F5BF6-B5D0-4000-802D-E47B9B371B46}.Debug|iPhone.ActiveCfg = Debug|Any CPU
		{710F5BF6-B5D0-4000-802D-E47B9B371B46}.Debug|iPhone.Build.0 = Debug|Any CPU
		{710F5BF6-B5D0-4000-802D-E47B9B371B46}.Debug|iPhone.Deploy.0 = Debug|Any CPU
		{710F5BF6-B5D0-4000-802D-E47B9B371B46}.Debug|iPhoneSimulator.ActiveCfg = Debug|Any CPU
		{710F5BF6-B5D0-4000-802D-E47B9B371B46}.Debug|iPhoneSimulator.Build.0 = Debug|Any CPU
		{710F5BF6-B5D0-4000-802D-E47B9B371B46}.Debug|iPhoneSimulator.Deploy.0 = Debug|Any CPU
		{710F5BF6-B5D0-4000-802D-E47B9B371B46}.Debug|x64.ActiveCfg = Debug|Any CPU
		{710F5BF6-B5D0-4000-802D-E47B9B371B46}.Debug|x64.Build.0 = Debug|Any CPU
		{710F5BF6-B5D0-4000-802D-E47B9B371B46}.Debug|x86.ActiveCfg = Debug|Any CPU
		{710F5BF6-B5D0-4000-802D-E47B9B371B46}.Debug|x86.Build.0 = Debug|Any CPU
		{710F5BF6-B5D0-4000-802D-E47B9B371B46}.Release|Any CPU.ActiveCfg = Release|Any CPU
		{710F5BF6-B5D0-4000-802D-E47B9B371B46}.Release|Any CPU.Build.0 = Release|Any CPU
		{710F5BF6-B5D0-4000-802D-E47B9B371B46}.Release|Any CPU.Deploy.0 = Release|Any CPU
		{710F5BF6-B5D0-4000-802D-E47B9B371B46}.Release|ARM.ActiveCfg = Release|Any CPU
		{710F5BF6-B5D0-4000-802D-E47B9B371B46}.Release|ARM.Build.0 = Release|Any CPU
		{710F5BF6-B5D0-4000-802D-E47B9B371B46}.Release|ARM64.ActiveCfg = Release|Any CPU
		{710F5BF6-B5D0-4000-802D-E47B9B371B46}.Release|ARM64.Build.0 = Release|Any CPU
		{710F5BF6-B5D0-4000-802D-E47B9B371B46}.Release|iPhone.ActiveCfg = Release|Any CPU
		{710F5BF6-B5D0-4000-802D-E47B9B371B46}.Release|iPhone.Build.0 = Release|Any CPU
		{710F5BF6-B5D0-4000-802D-E47B9B371B46}.Release|iPhone.Deploy.0 = Release|Any CPU
		{710F5BF6-B5D0-4000-802D-E47B9B371B46}.Release|iPhoneSimulator.ActiveCfg = Release|Any CPU
		{710F5BF6-B5D0-4000-802D-E47B9B371B46}.Release|iPhoneSimulator.Build.0 = Release|Any CPU
		{710F5BF6-B5D0-4000-802D-E47B9B371B46}.Release|iPhoneSimulator.Deploy.0 = Release|Any CPU
		{710F5BF6-B5D0-4000-802D-E47B9B371B46}.Release|x64.ActiveCfg = Release|Any CPU
		{710F5BF6-B5D0-4000-802D-E47B9B371B46}.Release|x64.Build.0 = Release|Any CPU
		{710F5BF6-B5D0-4000-802D-E47B9B371B46}.Release|x86.ActiveCfg = Release|Any CPU
		{710F5BF6-B5D0-4000-802D-E47B9B371B46}.Release|x86.Build.0 = Release|Any CPU
		{B0872377-4F51-4519-BCAE-458F0BD20CE7}.Debug|Any CPU.ActiveCfg = Debug|x86
		{B0872377-4F51-4519-BCAE-458F0BD20CE7}.Debug|Any CPU.Build.0 = Debug|x86
		{B0872377-4F51-4519-BCAE-458F0BD20CE7}.Debug|Any CPU.Deploy.0 = Debug|x86
		{B0872377-4F51-4519-BCAE-458F0BD20CE7}.Debug|ARM.ActiveCfg = Debug|ARM
		{B0872377-4F51-4519-BCAE-458F0BD20CE7}.Debug|ARM.Build.0 = Debug|ARM
		{B0872377-4F51-4519-BCAE-458F0BD20CE7}.Debug|ARM.Deploy.0 = Debug|ARM
		{B0872377-4F51-4519-BCAE-458F0BD20CE7}.Debug|ARM64.ActiveCfg = Debug|ARM64
		{B0872377-4F51-4519-BCAE-458F0BD20CE7}.Debug|ARM64.Build.0 = Debug|ARM64
		{B0872377-4F51-4519-BCAE-458F0BD20CE7}.Debug|ARM64.Deploy.0 = Debug|ARM64
		{B0872377-4F51-4519-BCAE-458F0BD20CE7}.Debug|iPhone.ActiveCfg = Debug|x86
		{B0872377-4F51-4519-BCAE-458F0BD20CE7}.Debug|iPhoneSimulator.ActiveCfg = Debug|x86
		{B0872377-4F51-4519-BCAE-458F0BD20CE7}.Debug|x64.ActiveCfg = Debug|x64
		{B0872377-4F51-4519-BCAE-458F0BD20CE7}.Debug|x64.Build.0 = Debug|x64
		{B0872377-4F51-4519-BCAE-458F0BD20CE7}.Debug|x64.Deploy.0 = Debug|x64
		{B0872377-4F51-4519-BCAE-458F0BD20CE7}.Debug|x86.ActiveCfg = Debug|x86
		{B0872377-4F51-4519-BCAE-458F0BD20CE7}.Debug|x86.Build.0 = Debug|x86
		{B0872377-4F51-4519-BCAE-458F0BD20CE7}.Debug|x86.Deploy.0 = Debug|x86
		{B0872377-4F51-4519-BCAE-458F0BD20CE7}.Release|Any CPU.ActiveCfg = Release|x86
		{B0872377-4F51-4519-BCAE-458F0BD20CE7}.Release|ARM.ActiveCfg = Release|ARM
		{B0872377-4F51-4519-BCAE-458F0BD20CE7}.Release|ARM.Build.0 = Release|ARM
		{B0872377-4F51-4519-BCAE-458F0BD20CE7}.Release|ARM.Deploy.0 = Release|ARM
		{B0872377-4F51-4519-BCAE-458F0BD20CE7}.Release|ARM64.ActiveCfg = Release|ARM64
		{B0872377-4F51-4519-BCAE-458F0BD20CE7}.Release|ARM64.Build.0 = Release|ARM64
		{B0872377-4F51-4519-BCAE-458F0BD20CE7}.Release|ARM64.Deploy.0 = Release|ARM64
		{B0872377-4F51-4519-BCAE-458F0BD20CE7}.Release|iPhone.ActiveCfg = Release|x86
		{B0872377-4F51-4519-BCAE-458F0BD20CE7}.Release|iPhoneSimulator.ActiveCfg = Release|x86
		{B0872377-4F51-4519-BCAE-458F0BD20CE7}.Release|x64.ActiveCfg = Release|x64
		{B0872377-4F51-4519-BCAE-458F0BD20CE7}.Release|x64.Build.0 = Release|x64
		{B0872377-4F51-4519-BCAE-458F0BD20CE7}.Release|x64.Deploy.0 = Release|x64
		{B0872377-4F51-4519-BCAE-458F0BD20CE7}.Release|x86.ActiveCfg = Release|x86
		{B0872377-4F51-4519-BCAE-458F0BD20CE7}.Release|x86.Build.0 = Release|x86
		{B0872377-4F51-4519-BCAE-458F0BD20CE7}.Release|x86.Deploy.0 = Release|x86
		{B803F602-FC1B-4A19-B84E-AD07EE03CD40}.Debug|Any CPU.ActiveCfg = Debug|Any CPU
		{B803F602-FC1B-4A19-B84E-AD07EE03CD40}.Debug|Any CPU.Build.0 = Debug|Any CPU
		{B803F602-FC1B-4A19-B84E-AD07EE03CD40}.Debug|ARM.ActiveCfg = Debug|Any CPU
		{B803F602-FC1B-4A19-B84E-AD07EE03CD40}.Debug|ARM.Build.0 = Debug|Any CPU
		{B803F602-FC1B-4A19-B84E-AD07EE03CD40}.Debug|ARM64.ActiveCfg = Debug|Any CPU
		{B803F602-FC1B-4A19-B84E-AD07EE03CD40}.Debug|ARM64.Build.0 = Debug|Any CPU
		{B803F602-FC1B-4A19-B84E-AD07EE03CD40}.Debug|iPhone.ActiveCfg = Debug|Any CPU
		{B803F602-FC1B-4A19-B84E-AD07EE03CD40}.Debug|iPhone.Build.0 = Debug|Any CPU
		{B803F602-FC1B-4A19-B84E-AD07EE03CD40}.Debug|iPhoneSimulator.ActiveCfg = Debug|Any CPU
		{B803F602-FC1B-4A19-B84E-AD07EE03CD40}.Debug|iPhoneSimulator.Build.0 = Debug|Any CPU
		{B803F602-FC1B-4A19-B84E-AD07EE03CD40}.Debug|x64.ActiveCfg = Debug|Any CPU
		{B803F602-FC1B-4A19-B84E-AD07EE03CD40}.Debug|x64.Build.0 = Debug|Any CPU
		{B803F602-FC1B-4A19-B84E-AD07EE03CD40}.Debug|x86.ActiveCfg = Debug|Any CPU
		{B803F602-FC1B-4A19-B84E-AD07EE03CD40}.Debug|x86.Build.0 = Debug|Any CPU
		{B803F602-FC1B-4A19-B84E-AD07EE03CD40}.Release|Any CPU.ActiveCfg = Release|Any CPU
		{B803F602-FC1B-4A19-B84E-AD07EE03CD40}.Release|Any CPU.Build.0 = Release|Any CPU
		{B803F602-FC1B-4A19-B84E-AD07EE03CD40}.Release|ARM.ActiveCfg = Release|Any CPU
		{B803F602-FC1B-4A19-B84E-AD07EE03CD40}.Release|ARM.Build.0 = Release|Any CPU
		{B803F602-FC1B-4A19-B84E-AD07EE03CD40}.Release|ARM64.ActiveCfg = Release|Any CPU
		{B803F602-FC1B-4A19-B84E-AD07EE03CD40}.Release|ARM64.Build.0 = Release|Any CPU
		{B803F602-FC1B-4A19-B84E-AD07EE03CD40}.Release|iPhone.ActiveCfg = Release|Any CPU
		{B803F602-FC1B-4A19-B84E-AD07EE03CD40}.Release|iPhone.Build.0 = Release|Any CPU
		{B803F602-FC1B-4A19-B84E-AD07EE03CD40}.Release|iPhoneSimulator.ActiveCfg = Release|Any CPU
		{B803F602-FC1B-4A19-B84E-AD07EE03CD40}.Release|iPhoneSimulator.Build.0 = Release|Any CPU
		{B803F602-FC1B-4A19-B84E-AD07EE03CD40}.Release|x64.ActiveCfg = Release|Any CPU
		{B803F602-FC1B-4A19-B84E-AD07EE03CD40}.Release|x64.Build.0 = Release|Any CPU
		{B803F602-FC1B-4A19-B84E-AD07EE03CD40}.Release|x86.ActiveCfg = Release|Any CPU
		{B803F602-FC1B-4A19-B84E-AD07EE03CD40}.Release|x86.Build.0 = Release|Any CPU
		{565F1F2E-789D-4465-8D03-6312B0BB6E12}.Debug|Any CPU.ActiveCfg = Debug|Any CPU
		{565F1F2E-789D-4465-8D03-6312B0BB6E12}.Debug|Any CPU.Build.0 = Debug|Any CPU
		{565F1F2E-789D-4465-8D03-6312B0BB6E12}.Debug|ARM.ActiveCfg = Debug|Any CPU
		{565F1F2E-789D-4465-8D03-6312B0BB6E12}.Debug|ARM.Build.0 = Debug|Any CPU
		{565F1F2E-789D-4465-8D03-6312B0BB6E12}.Debug|ARM64.ActiveCfg = Debug|Any CPU
		{565F1F2E-789D-4465-8D03-6312B0BB6E12}.Debug|ARM64.Build.0 = Debug|Any CPU
		{565F1F2E-789D-4465-8D03-6312B0BB6E12}.Debug|iPhone.ActiveCfg = Debug|Any CPU
		{565F1F2E-789D-4465-8D03-6312B0BB6E12}.Debug|iPhone.Build.0 = Debug|Any CPU
		{565F1F2E-789D-4465-8D03-6312B0BB6E12}.Debug|iPhoneSimulator.ActiveCfg = Debug|Any CPU
		{565F1F2E-789D-4465-8D03-6312B0BB6E12}.Debug|iPhoneSimulator.Build.0 = Debug|Any CPU
		{565F1F2E-789D-4465-8D03-6312B0BB6E12}.Debug|x64.ActiveCfg = Debug|Any CPU
		{565F1F2E-789D-4465-8D03-6312B0BB6E12}.Debug|x64.Build.0 = Debug|Any CPU
		{565F1F2E-789D-4465-8D03-6312B0BB6E12}.Debug|x86.ActiveCfg = Debug|Any CPU
		{565F1F2E-789D-4465-8D03-6312B0BB6E12}.Debug|x86.Build.0 = Debug|Any CPU
		{565F1F2E-789D-4465-8D03-6312B0BB6E12}.Release|Any CPU.ActiveCfg = Release|Any CPU
		{565F1F2E-789D-4465-8D03-6312B0BB6E12}.Release|Any CPU.Build.0 = Release|Any CPU
		{565F1F2E-789D-4465-8D03-6312B0BB6E12}.Release|ARM.ActiveCfg = Release|Any CPU
		{565F1F2E-789D-4465-8D03-6312B0BB6E12}.Release|ARM.Build.0 = Release|Any CPU
		{565F1F2E-789D-4465-8D03-6312B0BB6E12}.Release|ARM64.ActiveCfg = Release|Any CPU
		{565F1F2E-789D-4465-8D03-6312B0BB6E12}.Release|ARM64.Build.0 = Release|Any CPU
		{565F1F2E-789D-4465-8D03-6312B0BB6E12}.Release|iPhone.ActiveCfg = Release|Any CPU
		{565F1F2E-789D-4465-8D03-6312B0BB6E12}.Release|iPhone.Build.0 = Release|Any CPU
		{565F1F2E-789D-4465-8D03-6312B0BB6E12}.Release|iPhoneSimulator.ActiveCfg = Release|Any CPU
		{565F1F2E-789D-4465-8D03-6312B0BB6E12}.Release|iPhoneSimulator.Build.0 = Release|Any CPU
		{565F1F2E-789D-4465-8D03-6312B0BB6E12}.Release|x64.ActiveCfg = Release|Any CPU
		{565F1F2E-789D-4465-8D03-6312B0BB6E12}.Release|x64.Build.0 = Release|Any CPU
		{565F1F2E-789D-4465-8D03-6312B0BB6E12}.Release|x86.ActiveCfg = Release|Any CPU
		{565F1F2E-789D-4465-8D03-6312B0BB6E12}.Release|x86.Build.0 = Release|Any CPU
		{5BFDA5B4-0376-4A2F-A774-68AFC7AF906B}.Debug|Any CPU.ActiveCfg = Debug|Any CPU
		{5BFDA5B4-0376-4A2F-A774-68AFC7AF906B}.Debug|Any CPU.Build.0 = Debug|Any CPU
		{5BFDA5B4-0376-4A2F-A774-68AFC7AF906B}.Debug|ARM.ActiveCfg = Debug|Any CPU
		{5BFDA5B4-0376-4A2F-A774-68AFC7AF906B}.Debug|ARM.Build.0 = Debug|Any CPU
		{5BFDA5B4-0376-4A2F-A774-68AFC7AF906B}.Debug|ARM64.ActiveCfg = Debug|Any CPU
		{5BFDA5B4-0376-4A2F-A774-68AFC7AF906B}.Debug|ARM64.Build.0 = Debug|Any CPU
		{5BFDA5B4-0376-4A2F-A774-68AFC7AF906B}.Debug|iPhone.ActiveCfg = Debug|Any CPU
		{5BFDA5B4-0376-4A2F-A774-68AFC7AF906B}.Debug|iPhone.Build.0 = Debug|Any CPU
		{5BFDA5B4-0376-4A2F-A774-68AFC7AF906B}.Debug|iPhoneSimulator.ActiveCfg = Debug|Any CPU
		{5BFDA5B4-0376-4A2F-A774-68AFC7AF906B}.Debug|iPhoneSimulator.Build.0 = Debug|Any CPU
		{5BFDA5B4-0376-4A2F-A774-68AFC7AF906B}.Debug|x64.ActiveCfg = Debug|Any CPU
		{5BFDA5B4-0376-4A2F-A774-68AFC7AF906B}.Debug|x64.Build.0 = Debug|Any CPU
		{5BFDA5B4-0376-4A2F-A774-68AFC7AF906B}.Debug|x86.ActiveCfg = Debug|Any CPU
		{5BFDA5B4-0376-4A2F-A774-68AFC7AF906B}.Debug|x86.Build.0 = Debug|Any CPU
		{5BFDA5B4-0376-4A2F-A774-68AFC7AF906B}.Release|Any CPU.ActiveCfg = Release|Any CPU
		{5BFDA5B4-0376-4A2F-A774-68AFC7AF906B}.Release|Any CPU.Build.0 = Release|Any CPU
		{5BFDA5B4-0376-4A2F-A774-68AFC7AF906B}.Release|ARM.ActiveCfg = Release|Any CPU
		{5BFDA5B4-0376-4A2F-A774-68AFC7AF906B}.Release|ARM.Build.0 = Release|Any CPU
		{5BFDA5B4-0376-4A2F-A774-68AFC7AF906B}.Release|ARM64.ActiveCfg = Release|Any CPU
		{5BFDA5B4-0376-4A2F-A774-68AFC7AF906B}.Release|ARM64.Build.0 = Release|Any CPU
		{5BFDA5B4-0376-4A2F-A774-68AFC7AF906B}.Release|iPhone.ActiveCfg = Release|Any CPU
		{5BFDA5B4-0376-4A2F-A774-68AFC7AF906B}.Release|iPhone.Build.0 = Release|Any CPU
		{5BFDA5B4-0376-4A2F-A774-68AFC7AF906B}.Release|iPhoneSimulator.ActiveCfg = Release|Any CPU
		{5BFDA5B4-0376-4A2F-A774-68AFC7AF906B}.Release|iPhoneSimulator.Build.0 = Release|Any CPU
		{5BFDA5B4-0376-4A2F-A774-68AFC7AF906B}.Release|x64.ActiveCfg = Release|Any CPU
		{5BFDA5B4-0376-4A2F-A774-68AFC7AF906B}.Release|x64.Build.0 = Release|Any CPU
		{5BFDA5B4-0376-4A2F-A774-68AFC7AF906B}.Release|x86.ActiveCfg = Release|Any CPU
		{5BFDA5B4-0376-4A2F-A774-68AFC7AF906B}.Release|x86.Build.0 = Release|Any CPU
	EndGlobalSection
	GlobalSection(SolutionProperties) = preSolution
		HideSolutionNode = FALSE
	EndGlobalSection
	GlobalSection(ExtensibilityGlobals) = postSolution
		SolutionGuid = {8690BF89-D11D-49C5-B35F-22B148071291}
	EndGlobalSection
EndGlobal
